
Microsoft Visual Studio Solution File, Format Version 12.00
# Visual Studio 15
VisualStudioVersion = 15.0.27428.2027
MinimumVisualStudioVersion = 10.0.40219.1
Project("{FAE04EC0-301F-11D3-BF4B-00C04F79EFBC}") = "ieeve.com", "ieeve.com\ieeve.com.csproj", "{D321B246-EF63-4DF1-9EBC-87FBF943AB73}"
EndProject
Global
	GlobalSection(SolutionConfigurationPlatforms) = preSolution
		Debug|Any CPU = Debug|Any CPU
		Release|Any CPU = Release|Any CPU
	EndGlobalSection
	GlobalSection(ProjectConfigurationPlatforms) = postSolution
		{D321B246-EF63-4DF1-9EBC-87FBF943AB73}.Debug|Any CPU.ActiveCfg = Debug|Any CPU
		{D321B246-EF63-4DF1-9EBC-87FBF943AB73}.Debug|Any CPU.Build.0 = Debug|Any CPU
		{D321B246-EF63-4DF1-9EBC-87FBF943AB73}.Release|Any CPU.ActiveCfg = Release|Any CPU
		{D321B246-EF63-4DF1-9EBC-87FBF943AB73}.Release|Any CPU.Build.0 = Release|Any CPU
	EndGlobalSection
	GlobalSection(SolutionProperties) = preSolution
		HideSolutionNode = FALSE
	EndGlobalSection
	GlobalSection(ExtensibilityGlobals) = postSolution
		SolutionGuid = {C87BE41E-7B30-4240-9188-1988A9F62898}
	EndGlobalSection
EndGlobal
